
Microsoft Visual Studio Solution File, Format Version 12.00
# Visual Studio Version 16
VisualStudioVersion = 16.0.30406.217
MinimumVisualStudioVersion = 10.0.40219.1
Project("{FAE04EC0-301F-11D3-BF4B-00C04F79EFBC}") = "Api", "Api\Api.csproj", "{3B3309CA-851B-4B6B-9AFB-0991C6642835}"
EndProject
Project("{FAE04EC0-301F-11D3-BF4B-00C04F79EFBC}") = "Models", "Models\Models.csproj", "{733F84E9-9086-47AB-B446-53CB55674CB9}"
EndProject
Project("{FAE04EC0-301F-11D3-BF4B-00C04F79EFBC}") = "Client", "Client\Client.csproj", "{02450BA6-5F71-48C8-86C9-2F508B149BB6}"
EndProject
Global
	GlobalSection(SolutionConfigurationPlatforms) = preSolution
		Debug|Any CPU = Debug|Any CPU
		Release|Any CPU = Release|Any CPU
	EndGlobalSection
	GlobalSection(ProjectConfigurationPlatforms) = postSolution
		{3B3309CA-851B-4B6B-9AFB-0991C6642835}.Debug|Any CPU.ActiveCfg = Debug|Any CPU
		{3B3309CA-851B-4B6B-9AFB-0991C6642835}.Debug|Any CPU.Build.0 = Debug|Any CPU
		{3B3309CA-851B-4B6B-9AFB-0991C6642835}.Release|Any CPU.ActiveCfg = Release|Any CPU
		{3B3309CA-851B-4B6B-9AFB-0991C6642835}.Release|Any CPU.Build.0 = Release|Any CPU
		{733F84E9-9086-47AB-B446-53CB55674CB9}.Debug|Any CPU.ActiveCfg = Debug|Any CPU
		{733F84E9-9086-47AB-B446-53CB55674CB9}.Debug|Any CPU.Build.0 = Debug|Any CPU
		{733F84E9-9086-47AB-B446-53CB55674CB9}.Release|Any CPU.ActiveCfg = Release|Any CPU
		{733F84E9-9086-47AB-B446-53CB55674CB9}.Release|Any CPU.Build.0 = Release|Any CPU
		{02450BA6-5F71-48C8-86C9-2F508B149BB6}.Debug|Any CPU.ActiveCfg = Debug|Any CPU
		{02450BA6-5F71-48C8-86C9-2F508B149BB6}.Debug|Any CPU.Build.0 = Debug|Any CPU
		{02450BA6-5F71-48C8-86C9-2F508B149BB6}.Release|Any CPU.ActiveCfg = Release|Any CPU
		{02450BA6-5F71-48C8-86C9-2F508B149BB6}.Release|Any CPU.Build.0 = Release|Any CPU
	EndGlobalSection
	GlobalSection(SolutionProperties) = preSolution
		HideSolutionNode = FALSE
	EndGlobalSection
	GlobalSection(ExtensibilityGlobals) = postSolution
		SolutionGuid = {EB905421-7EEF-477E-A06E-0B4102B27DEC}
	EndGlobalSection
EndGlobal
